{
    "name": "dir-walker-gen",
    "version": "1.0.1",
    "lockfileVersion": 3,
    "requires": true,
    "packages": {
        "": {
            "name": "dir-walker-gen",
            "version": "1.0.1",
            "license": "MIT",
            "engines": {
                "node": ">=22"
            }
        }
    }
}
